{
  "version": 4,
  "terraform_version": "0.15.3",
  "serial": 12,
  "lineage": "6183e074-5ae3-0fb6-dfa1-3b19714938f9",
  "outputs": {
    "rsbucket": {
      "value": {
        "acceleration_status": "",
        "acl": "private",
        "arn": "arn:aws:s3:::rialtic-community-bootstrap-rsblogs",
        "bucket": "rialtic-community-bootstrap-rsblogs",
        "bucket_domain_name": "rialtic-community-bootstrap-rsblogs.s3.amazonaws.com",
        "bucket_prefix": null,
        "bucket_regional_domain_name": "rialtic-community-bootstrap-rsblogs.s3.amazonaws.com",
        "cors_rule": [],
        "force_destroy": false,
        "grant": [],
        "hosted_zone_id": "Z3AQBSTGFYJSTF",
        "id": "rialtic-community-bootstrap-rsblogs",
        "lifecycle_rule": [
          {
            "abort_incomplete_multipart_upload_days": 0,
            "enabled": true,
            "expiration": [],
            "id": "statebucketlogging",
            "noncurrent_version_expiration": [],
            "noncurrent_version_transition": [
              {
                "days": 30,
                "storage_class": "STANDARD_IA"
              },
              {
                "days": 60,
                "storage_class": "GLACIER"
              }
            ],
            "prefix": "rsblogs/",
            "tags": {},
            "transition": [
              {
                "date": "",
                "days": 30,
                "storage_class": "STANDARD_IA"
              },
              {
                "date": "",
                "days": 60,
                "storage_class": "GLACIER"
              }
            ]
          }
        ],
        "logging": [],
        "object_lock_configuration": [],
        "policy": null,
        "region": "us-east-1",
        "replication_configuration": [],
        "request_payer": "BucketOwner",
        "server_side_encryption_configuration": [
          {
            "rule": [
              {
                "apply_server_side_encryption_by_default": [
                  {
                    "kms_master_key_id": "arn:aws:kms:us-east-1:726998074318:key/797c7049-9e8a-4a2c-a703-18ff1edf4bf1",
                    "sse_algorithm": "aws:kms"
                  }
                ],
                "bucket_key_enabled": false
              }
            ]
          }
        ],
        "tags": {
          "Environment": "abc",
          "Name": "rialtic-community-bootstrap Logging Bucket",
          "Purpose": "Holds logs for rialtic-community-bootstrap State Bucket",
          "Source": "a:b:c:123"
        },
        "tags_all": {
          "Environment": "abc",
          "Name": "rialtic-community-bootstrap Logging Bucket",
          "Purpose": "Holds logs for rialtic-community-bootstrap State Bucket",
          "Source": "a:b:c:123"
        },
        "versioning": [
          {
            "enabled": true,
            "mfa_delete": false
          }
        ],
        "website": [],
        "website_domain": null,
        "website_endpoint": null
      },
      "type": [
        "object",
        {
          "acceleration_status": "string",
          "acl": "string",
          "arn": "string",
          "bucket": "string",
          "bucket_domain_name": "string",
          "bucket_prefix": "string",
          "bucket_regional_domain_name": "string",
          "cors_rule": [
            "list",
            [
              "object",
              {
                "allowed_headers": [
                  "list",
                  "string"
                ],
                "allowed_methods": [
                  "list",
                  "string"
                ],
                "allowed_origins": [
                  "list",
                  "string"
                ],
                "expose_headers": [
                  "list",
                  "string"
                ],
                "max_age_seconds": "number"
              }
            ]
          ],
          "force_destroy": "bool",
          "grant": [
            "set",
            [
              "object",
              {
                "id": "string",
                "permissions": [
                  "set",
                  "string"
                ],
                "type": "string",
                "uri": "string"
              }
            ]
          ],
          "hosted_zone_id": "string",
          "id": "string",
          "lifecycle_rule": [
            "list",
            [
              "object",
              {
                "abort_incomplete_multipart_upload_days": "number",
                "enabled": "bool",
                "expiration": [
                  "list",
                  [
                    "object",
                    {
                      "date": "string",
                      "days": "number",
                      "expired_object_delete_marker": "bool"
                    }
                  ]
                ],
                "id": "string",
                "noncurrent_version_expiration": [
                  "list",
                  [
                    "object",
                    {
                      "days": "number"
                    }
                  ]
                ],
                "noncurrent_version_transition": [
                  "set",
                  [
                    "object",
                    {
                      "days": "number",
                      "storage_class": "string"
                    }
                  ]
                ],
                "prefix": "string",
                "tags": [
                  "map",
                  "string"
                ],
                "transition": [
                  "set",
                  [
                    "object",
                    {
                      "date": "string",
                      "days": "number",
                      "storage_class": "string"
                    }
                  ]
                ]
              }
            ]
          ],
          "logging": [
            "set",
            [
              "object",
              {
                "target_bucket": "string",
                "target_prefix": "string"
              }
            ]
          ],
          "object_lock_configuration": [
            "list",
            [
              "object",
              {
                "object_lock_enabled": "string",
                "rule": [
                  "list",
                  [
                    "object",
                    {
                      "default_retention": [
                        "list",
                        [
                          "object",
                          {
                            "days": "number",
                            "mode": "string",
                            "years": "number"
                          }
                        ]
                      ]
                    }
                  ]
                ]
              }
            ]
          ],
          "policy": "string",
          "region": "string",
          "replication_configuration": [
            "list",
            [
              "object",
              {
                "role": "string",
                "rules": [
                  "set",
                  [
                    "object",
                    {
                      "destination": [
                        "list",
                        [
                          "object",
                          {
                            "access_control_translation": [
                              "list",
                              [
                                "object",
                                {
                                  "owner": "string"
                                }
                              ]
                            ],
                            "account_id": "string",
                            "bucket": "string",
                            "replica_kms_key_id": "string",
                            "storage_class": "string"
                          }
                        ]
                      ],
                      "filter": [
                        "list",
                        [
                          "object",
                          {
                            "prefix": "string",
                            "tags": [
                              "map",
                              "string"
                            ]
                          }
                        ]
                      ],
                      "id": "string",
                      "prefix": "string",
                      "priority": "number",
                      "source_selection_criteria": [
                        "list",
                        [
                          "object",
                          {
                            "sse_kms_encrypted_objects": [
                              "list",
                              [
                                "object",
                                {
                                  "enabled": "bool"
                                }
                              ]
                            ]
                          }
                        ]
                      ],
                      "status": "string"
                    }
                  ]
                ]
              }
            ]
          ],
          "request_payer": "string",
          "server_side_encryption_configuration": [
            "list",
            [
              "object",
              {
                "rule": [
                  "list",
                  [
                    "object",
                    {
                      "apply_server_side_encryption_by_default": [
                        "list",
                        [
                          "object",
                          {
                            "kms_master_key_id": "string",
                            "sse_algorithm": "string"
                          }
                        ]
                      ],
                      "bucket_key_enabled": "bool"
                    }
                  ]
                ]
              }
            ]
          ],
          "tags": [
            "map",
            "string"
          ],
          "tags_all": [
            "map",
            "string"
          ],
          "versioning": [
            "list",
            [
              "object",
              {
                "enabled": "bool",
                "mfa_delete": "bool"
              }
            ]
          ],
          "website": [
            "list",
            [
              "object",
              {
                "error_document": "string",
                "index_document": "string",
                "redirect_all_requests_to": "string",
                "routing_rules": "string"
              }
            ]
          ],
          "website_domain": "string",
          "website_endpoint": "string"
        }
      ]
    }
  },
  "resources": [
    {
      "module": "module.rcs3rsblogging",
      "mode": "managed",
      "type": "aws_kms_key",
      "name": "loggingkey",
      "provider": "module.rcs3rsblogging.provider[\"registry.terraform.io/hashicorp/aws\"]",
      "instances": [
        {
          "schema_version": 0,
          "attributes": {
            "arn": "arn:aws:kms:us-east-1:726998074318:key/797c7049-9e8a-4a2c-a703-18ff1edf4bf1",
            "customer_master_key_spec": "SYMMETRIC_DEFAULT",
            "deletion_window_in_days": 30,
            "description": "rialtic-community-bootstrap Logging Encryption Key",
            "enable_key_rotation": true,
            "id": "797c7049-9e8a-4a2c-a703-18ff1edf4bf1",
            "is_enabled": true,
            "key_id": "797c7049-9e8a-4a2c-a703-18ff1edf4bf1",
            "key_usage": "ENCRYPT_DECRYPT",
            "policy": "{\"Id\":\"key-default-1\",\"Statement\":[{\"Action\":\"kms:*\",\"Effect\":\"Allow\",\"Principal\":{\"AWS\":\"arn:aws:iam::726998074318:root\"},\"Resource\":\"*\",\"Sid\":\"Enable IAM User Permissions\"}],\"Version\":\"2012-10-17\"}",
            "tags": {},
            "tags_all": {}
          },
          "sensitive_attributes": [],
          "private": "bnVsbA=="
        }
      ]
    },
    {
      "module": "module.rcs3rsblogging",
      "mode": "managed",
      "type": "aws_s3_bucket",
      "name": "logbucket",
      "provider": "module.rcs3rsblogging.provider[\"registry.terraform.io/hashicorp/aws\"]",
      "instances": [
        {
          "schema_version": 0,
          "attributes": {
            "acceleration_status": "",
            "acl": "private",
            "arn": "arn:aws:s3:::rialtic-community-bootstrap-rsblogs",
            "bucket": "rialtic-community-bootstrap-rsblogs",
            "bucket_domain_name": "rialtic-community-bootstrap-rsblogs.s3.amazonaws.com",
            "bucket_prefix": null,
            "bucket_regional_domain_name": "rialtic-community-bootstrap-rsblogs.s3.amazonaws.com",
            "cors_rule": [],
            "force_destroy": false,
            "grant": [],
            "hosted_zone_id": "Z3AQBSTGFYJSTF",
            "id": "rialtic-community-bootstrap-rsblogs",
            "lifecycle_rule": [
              {
                "abort_incomplete_multipart_upload_days": 0,
                "enabled": true,
                "expiration": [],
                "id": "statebucketlogging",
                "noncurrent_version_expiration": [],
                "noncurrent_version_transition": [
                  {
                    "days": 30,
                    "storage_class": "STANDARD_IA"
                  },
                  {
                    "days": 60,
                    "storage_class": "GLACIER"
                  }
                ],
                "prefix": "rsblogs/",
                "tags": {},
                "transition": [
                  {
                    "date": "",
                    "days": 30,
                    "storage_class": "STANDARD_IA"
                  },
                  {
                    "date": "",
                    "days": 60,
                    "storage_class": "GLACIER"
                  }
                ]
              }
            ],
            "logging": [],
            "object_lock_configuration": [],
            "policy": null,
            "region": "us-east-1",
            "replication_configuration": [],
            "request_payer": "BucketOwner",
            "server_side_encryption_configuration": [
              {
                "rule": [
                  {
                    "apply_server_side_encryption_by_default": [
                      {
                        "kms_master_key_id": "arn:aws:kms:us-east-1:726998074318:key/797c7049-9e8a-4a2c-a703-18ff1edf4bf1",
                        "sse_algorithm": "aws:kms"
                      }
                    ],
                    "bucket_key_enabled": false
                  }
                ]
              }
            ],
            "tags": {
              "Environment": "abc",
              "Name": "rialtic-community-bootstrap Logging Bucket",
              "Purpose": "Holds logs for rialtic-community-bootstrap State Bucket",
              "Source": "a:b:c:123"
            },
            "tags_all": {
              "Environment": "abc",
              "Name": "rialtic-community-bootstrap Logging Bucket",
              "Purpose": "Holds logs for rialtic-community-bootstrap State Bucket",
              "Source": "a:b:c:123"
            },
            "versioning": [
              {
                "enabled": true,
                "mfa_delete": false
              }
            ],
            "website": [],
            "website_domain": null,
            "website_endpoint": null
          },
          "sensitive_attributes": [],
          "private": "bnVsbA==",
          "dependencies": [
            "module.rcs3rsblogging.aws_kms_key.loggingkey"
          ]
        }
      ]
    }
  ]
}
